
Microsoft Visual Studio Solution File, Format Version 12.00
# Visual Studio Version 17
VisualStudioVersion = 17.13.35806.99
MinimumVisualStudioVersion = 10.0.40219.1
Project("{FAE04EC0-301F-11D3-BF4B-00C04F79EFBC}") = "GearUp", "GearUp\GearUp.csproj", "{F656BDEF-09F7-4463-BB54-589309981588}"
EndProject
Global
	GlobalSection(SolutionConfigurationPlatforms) = preSolution
		Debug|Any CPU = Debug|Any CPU
		Release|Any CPU = Release|Any CPU
	EndGlobalSection
	GlobalSection(ProjectConfigurationPlatforms) = postSolution
		{F656BDEF-09F7-4463-BB54-589309981588}.Debug|Any CPU.ActiveCfg = Debug|Any CPU
		{F656BDEF-09F7-4463-BB54-589309981588}.Debug|Any CPU.Build.0 = Debug|Any CPU
		{F656BDEF-09F7-4463-BB54-589309981588}.Release|Any CPU.ActiveCfg = Release|Any CPU
		{F656BDEF-09F7-4463-BB54-589309981588}.Release|Any CPU.Build.0 = Release|Any CPU
	EndGlobalSection
	GlobalSection(SolutionProperties) = preSolution
		HideSolutionNode = FALSE
	EndGlobalSection
	GlobalSection(ExtensibilityGlobals) = postSolution
		SolutionGuid = {2C00EAAA-BF5F-47F1-AE08-EB3163CBA733}
	EndGlobalSection
EndGlobal
